
Microsoft Visual Studio Solution File, Format Version 12.00
# Visual Studio Version 17
VisualStudioVersion = 17.14.36414.22 d17.14
MinimumVisualStudioVersion = 10.0.40219.1
Project("{FAE04EC0-301F-11D3-BF4B-00C04F79EFBC}") = "AnimalMatchingGame", "AnimalMatchingGame\AnimalMatchingGame.csproj", "{798FBDE3-763F-4400-BE6B-D93BDF56EA95}"
EndProject
Global
	GlobalSection(SolutionConfigurationPlatforms) = preSolution
		Debug|Any CPU = Debug|Any CPU
		Release|Any CPU = Release|Any CPU
	EndGlobalSection
	GlobalSection(ProjectConfigurationPlatforms) = postSolution
		{798FBDE3-763F-4400-BE6B-D93BDF56EA95}.Debug|Any CPU.ActiveCfg = Debug|Any CPU
		{798FBDE3-763F-4400-BE6B-D93BDF56EA95}.Debug|Any CPU.Build.0 = Debug|Any CPU
		{798FBDE3-763F-4400-BE6B-D93BDF56EA95}.Release|Any CPU.ActiveCfg = Release|Any CPU
		{798FBDE3-763F-4400-BE6B-D93BDF56EA95}.Release|Any CPU.Build.0 = Release|Any CPU
	EndGlobalSection
	GlobalSection(SolutionProperties) = preSolution
		HideSolutionNode = FALSE
	EndGlobalSection
	GlobalSection(ExtensibilityGlobals) = postSolution
		SolutionGuid = {6F034189-182A-4751-A622-114386D255DA}
	EndGlobalSection
EndGlobal
